
Microsoft Visual Studio Solution File, Format Version 12.00
# Visual Studio Version 16
VisualStudioVersion = 16.0.29609.76
MinimumVisualStudioVersion = 10.0.40219.1
Project("{2150E333-8FDC-42A3-9474-1A3956D46DE8}") = "Cross", "Cross", "{58212631-5D6E-49B7-9942-C2CC70AE24B3}"
EndProject
Project("{2150E333-8FDC-42A3-9474-1A3956D46DE8}") = "Projects", "Projects", "{DDAF74CC-B272-4A24-B142-C0ED7A34B974}"
EndProject
Project("{2150E333-8FDC-42A3-9474-1A3956D46DE8}") = "Gateway", "Gateway", "{25C61BAE-17D1-4E00-B732-D9524D943EBC}"
EndProject
Project("{2150E333-8FDC-42A3-9474-1A3956D46DE8}") = "Microservices", "Microservices", "{CC906FAF-1189-438F-8C4C-87FC0FA3FA0F}"
EndProject
Project("{9A19103F-16F7-4668-BE54-9A1E7A4F7556}") = "AFORO255.MS.TEST.Security", "AFORO255.MS.TEST.Security\AFORO255.MS.TEST.Security.csproj", "{82E00400-DF84-4988-8C8D-45848CF1CC89}"
EndProject
Project("{9A19103F-16F7-4668-BE54-9A1E7A4F7556}") = "AFORO255.MS.TEST.Invoices", "AFORO255.MS.TEST.Invoices\AFORO255.MS.TEST.Invoices.csproj", "{62C6A418-88F1-4B29-8AFC-D8AA3713B4EA}"
EndProject
Project("{9A19103F-16F7-4668-BE54-9A1E7A4F7556}") = "AFORO255.MS.TEST.Pay", "AFORO255.MS.TEST.Pay\AFORO255.MS.TEST.Pay.csproj", "{5B375072-16BC-416F-AB66-46B00A09C244}"
EndProject
Project("{9A19103F-16F7-4668-BE54-9A1E7A4F7556}") = "AFORO255.MS.TEST.Transaction", "AFORO255.MS.TEST.Transaction\AFORO255.MS.TEST.Transaction.csproj", "{72EE3281-EAFF-4A52-B22E-4332589EAADD}"
EndProject
Project("{9A19103F-16F7-4668-BE54-9A1E7A4F7556}") = "AFORO255.MS.TEST.Gateway", "AFORO255.MS.TEST.Gateway\AFORO255.MS.TEST.Gateway.csproj", "{8661397A-4CDF-4286-830C-B4C15DBE8BFA}"
EndProject
Project("{9A19103F-16F7-4668-BE54-9A1E7A4F7556}") = "MS.AFORO255.Cross.Consul", "MS.AFORO255.Cross.Consul\MS.AFORO255.Cross.Consul.csproj", "{E4B3A5F3-55E3-429E-A912-845A64A24E40}"
EndProject
Project("{9A19103F-16F7-4668-BE54-9A1E7A4F7556}") = "MS.AFORO255.Cross.Jwt", "MS.AFORO255.Cross.Jwt\MS.AFORO255.Cross.Jwt.csproj", "{A27E0457-C0E5-4E56-A43C-ED36417CF31A}"
EndProject
Project("{9A19103F-16F7-4668-BE54-9A1E7A4F7556}") = "MS.AFORO255.Cross.RabbitMQ", "MS.AFORO255.Cross.RabbitMQ\MS.AFORO255.Cross.RabbitMQ.csproj", "{A4BBFEF4-B016-4CA2-85A8-9DF303AB97CD}"
EndProject
Global
	GlobalSection(SolutionConfigurationPlatforms) = preSolution
		Debug|Any CPU = Debug|Any CPU
		Release|Any CPU = Release|Any CPU
	EndGlobalSection
	GlobalSection(ProjectConfigurationPlatforms) = postSolution
		{82E00400-DF84-4988-8C8D-45848CF1CC89}.Debug|Any CPU.ActiveCfg = Debug|Any CPU
		{82E00400-DF84-4988-8C8D-45848CF1CC89}.Debug|Any CPU.Build.0 = Debug|Any CPU
		{82E00400-DF84-4988-8C8D-45848CF1CC89}.Release|Any CPU.ActiveCfg = Release|Any CPU
		{82E00400-DF84-4988-8C8D-45848CF1CC89}.Release|Any CPU.Build.0 = Release|Any CPU
		{62C6A418-88F1-4B29-8AFC-D8AA3713B4EA}.Debug|Any CPU.ActiveCfg = Debug|Any CPU
		{62C6A418-88F1-4B29-8AFC-D8AA3713B4EA}.Debug|Any CPU.Build.0 = Debug|Any CPU
		{62C6A418-88F1-4B29-8AFC-D8AA3713B4EA}.Release|Any CPU.ActiveCfg = Release|Any CPU
		{62C6A418-88F1-4B29-8AFC-D8AA3713B4EA}.Release|Any CPU.Build.0 = Release|Any CPU
		{5B375072-16BC-416F-AB66-46B00A09C244}.Debug|Any CPU.ActiveCfg = Debug|Any CPU
		{5B375072-16BC-416F-AB66-46B00A09C244}.Debug|Any CPU.Build.0 = Debug|Any CPU
		{5B375072-16BC-416F-AB66-46B00A09C244}.Release|Any CPU.ActiveCfg = Release|Any CPU
		{5B375072-16BC-416F-AB66-46B00A09C244}.Release|Any CPU.Build.0 = Release|Any CPU
		{72EE3281-EAFF-4A52-B22E-4332589EAADD}.Debug|Any CPU.ActiveCfg = Debug|Any CPU
		{72EE3281-EAFF-4A52-B22E-4332589EAADD}.Debug|Any CPU.Build.0 = Debug|Any CPU
		{72EE3281-EAFF-4A52-B22E-4332589EAADD}.Release|Any CPU.ActiveCfg = Release|Any CPU
		{72EE3281-EAFF-4A52-B22E-4332589EAADD}.Release|Any CPU.Build.0 = Release|Any CPU
		{8661397A-4CDF-4286-830C-B4C15DBE8BFA}.Debug|Any CPU.ActiveCfg = Debug|Any CPU
		{8661397A-4CDF-4286-830C-B4C15DBE8BFA}.Debug|Any CPU.Build.0 = Debug|Any CPU
		{8661397A-4CDF-4286-830C-B4C15DBE8BFA}.Release|Any CPU.ActiveCfg = Release|Any CPU
		{8661397A-4CDF-4286-830C-B4C15DBE8BFA}.Release|Any CPU.Build.0 = Release|Any CPU
		{E4B3A5F3-55E3-429E-A912-845A64A24E40}.Debug|Any CPU.ActiveCfg = Debug|Any CPU
		{E4B3A5F3-55E3-429E-A912-845A64A24E40}.Debug|Any CPU.Build.0 = Debug|Any CPU
		{E4B3A5F3-55E3-429E-A912-845A64A24E40}.Release|Any CPU.ActiveCfg = Release|Any CPU
		{E4B3A5F3-55E3-429E-A912-845A64A24E40}.Release|Any CPU.Build.0 = Release|Any CPU
		{A27E0457-C0E5-4E56-A43C-ED36417CF31A}.Debug|Any CPU.ActiveCfg = Debug|Any CPU
		{A27E0457-C0E5-4E56-A43C-ED36417CF31A}.Debug|Any CPU.Build.0 = Debug|Any CPU
		{A27E0457-C0E5-4E56-A43C-ED36417CF31A}.Release|Any CPU.ActiveCfg = Release|Any CPU
		{A27E0457-C0E5-4E56-A43C-ED36417CF31A}.Release|Any CPU.Build.0 = Release|Any CPU
		{A4BBFEF4-B016-4CA2-85A8-9DF303AB97CD}.Debug|Any CPU.ActiveCfg = Debug|Any CPU
		{A4BBFEF4-B016-4CA2-85A8-9DF303AB97CD}.Debug|Any CPU.Build.0 = Debug|Any CPU
		{A4BBFEF4-B016-4CA2-85A8-9DF303AB97CD}.Release|Any CPU.ActiveCfg = Release|Any CPU
		{A4BBFEF4-B016-4CA2-85A8-9DF303AB97CD}.Release|Any CPU.Build.0 = Release|Any CPU
	EndGlobalSection
	GlobalSection(SolutionProperties) = preSolution
		HideSolutionNode = FALSE
	EndGlobalSection
	GlobalSection(NestedProjects) = preSolution
		{25C61BAE-17D1-4E00-B732-D9524D943EBC} = {DDAF74CC-B272-4A24-B142-C0ED7A34B974}
		{CC906FAF-1189-438F-8C4C-87FC0FA3FA0F} = {DDAF74CC-B272-4A24-B142-C0ED7A34B974}
		{82E00400-DF84-4988-8C8D-45848CF1CC89} = {CC906FAF-1189-438F-8C4C-87FC0FA3FA0F}
		{62C6A418-88F1-4B29-8AFC-D8AA3713B4EA} = {CC906FAF-1189-438F-8C4C-87FC0FA3FA0F}
		{5B375072-16BC-416F-AB66-46B00A09C244} = {CC906FAF-1189-438F-8C4C-87FC0FA3FA0F}
		{72EE3281-EAFF-4A52-B22E-4332589EAADD} = {CC906FAF-1189-438F-8C4C-87FC0FA3FA0F}
		{8661397A-4CDF-4286-830C-B4C15DBE8BFA} = {25C61BAE-17D1-4E00-B732-D9524D943EBC}
		{E4B3A5F3-55E3-429E-A912-845A64A24E40} = {58212631-5D6E-49B7-9942-C2CC70AE24B3}
		{A27E0457-C0E5-4E56-A43C-ED36417CF31A} = {58212631-5D6E-49B7-9942-C2CC70AE24B3}
		{A4BBFEF4-B016-4CA2-85A8-9DF303AB97CD} = {58212631-5D6E-49B7-9942-C2CC70AE24B3}
	EndGlobalSection
	GlobalSection(ExtensibilityGlobals) = postSolution
		SolutionGuid = {27351D5C-CAD7-4514-98C4-1712795C2916}
	EndGlobalSection
EndGlobal
